// !$*UTF8*$!
{
	archiveVersion = 1;
	classes = {
	};
	objectVersion = 50;
	objects = {

/* Begin PBXBuildFile section */
		600BDBAC22CF0CE8008D80E7 /* AppDelegate.m in Sources */ = {isa = PBXBuildFile; fileRef = 600BDBAB22CF0CE8008D80E7 /* AppDelegate.m */; };
		600BDBAF22CF0CE8008D80E7 /* ViewController.m in Sources */ = {isa = PBXBuildFile; fileRef = 600BDBAE22CF0CE8008D80E7 /* ViewController.m */; };
		600BDBB222CF0CE8008D80E7 /* Main.storyboard in Resources */ = {isa = PBXBuildFile; fileRef = 600BDBB022CF0CE8008D80E7 /* Main.storyboard */; };
		600BDBB422CF0CEA008D80E7 /* Assets.xcassets in Resources */ = {isa = PBXBuildFile; fileRef = 600BDBB322CF0CEA008D80E7 /* Assets.xcassets */; };
		600BDBB722CF0CEA008D80E7 /* LaunchScreen.storyboard in Resources */ = {isa = PBXBuildFile; fileRef = 600BDBB522CF0CEA008D80E7 /* LaunchScreen.storyboard */; };
		600BDBBA22CF0CEA008D80E7 /* main.m in Sources */ = {isa = PBXBuildFile; fileRef = 600BDBB922CF0CEA008D80E7 /* main.m */; };
		600BDBC522CF0D35008D80E7 /* HTSProfileViewModel.m in Sources */ = {isa = PBXBuildFile; fileRef = 600BDBC422CF0D35008D80E7 /* HTSProfileViewModel.m */; };
		600BDBC722CF0D74008D80E7 /* HTSProfileViewController.m in Sources */ = {isa = PBXBuildFile; fileRef = 600BDBC622CF0D74008D80E7 /* HTSProfileViewController.m */; };
/* End PBXBuildFile section */

/* Begin PBXFileReference section */
		600BDBA722CF0CE8008D80E7 /* Homework.app */ = {isa = PBXFileReference; explicitFileType = wrapper.application; includeInIndex = 0; path = Homework.app; sourceTree = BUILT_PRODUCTS_DIR; };
		600BDBAA22CF0CE8008D80E7 /* AppDelegate.h */ = {isa = PBXFileReference; lastKnownFileType = sourcecode.c.h; path = AppDelegate.h; sourceTree = "<group>"; };
		600BDBAB22CF0CE8008D80E7 /* AppDelegate.m */ = {isa = PBXFileReference; lastKnownFileType = sourcecode.c.objc; path = AppDelegate.m; sourceTree = "<group>"; };
		600BDBAD22CF0CE8008D80E7 /* ViewController.h */ = {isa = PBXFileReference; lastKnownFileType = sourcecode.c.h; path = ViewController.h; sourceTree = "<group>"; };
		600BDBAE22CF0CE8008D80E7 /* ViewController.m */ = {isa = PBXFileReference; lastKnownFileType = sourcecode.c.objc; path = ViewController.m; sourceTree = "<group>"; };
		600BDBB122CF0CE8008D80E7 /* Base */ = {isa = PBXFileReference; lastKnownFileType = file.storyboard; name = Base; path = Base.lproj/Main.storyboard; sourceTree = "<group>"; };
		600BDBB322CF0CEA008D80E7 /* Assets.xcassets */ = {isa = PBXFileReference; lastKnownFileType = folder.assetcatalog; path = Assets.xcassets; sourceTree = "<group>"; };
		600BDBB622CF0CEA008D80E7 /* Base */ = {isa = PBXFileReference; lastKnownFileType = file.storyboard; name = Base; path = Base.lproj/LaunchScreen.storyboard; sourceTree = "<group>"; };
		600BDBB822CF0CEA008D80E7 /* Info.plist */ = {isa = PBXFileReference; lastKnownFileType = text.plist.xml; path = Info.plist; sourceTree = "<group>"; };
		600BDBB922CF0CEA008D80E7 /* main.m */ = {isa = PBXFileReference; lastKnownFileType = sourcecode.c.objc; path = main.m; sourceTree = "<group>"; };
		600BDBC422CF0D35008D80E7 /* HTSProfileViewModel.m */ = {isa = PBXFileReference; lastKnownFileType = sourcecode.c.objc; path = HTSProfileViewModel.m; sourceTree = "<group>"; };
		600BDBC622CF0D74008D80E7 /* HTSProfileViewController.m */ = {isa = PBXFileReference; lastKnownFileType = sourcecode.c.objc; path = HTSProfileViewController.m; sourceTree = "<group>"; };
		600BDBC822CF0D8C008D80E7 /* HTSProfileViewController.h */ = {isa = PBXFileReference; lastKnownFileType = sourcecode.c.h; path = HTSProfileViewController.h; sourceTree = "<group>"; };
		600BDBC922CF0DA3008D80E7 /* HTSProfileViewModel.h */ = {isa = PBXFileReference; lastKnownFileType = sourcecode.c.h; path = HTSProfileViewModel.h; sourceTree = "<group>"; };
/* End PBXFileReference section */

/* Begin PBXFrameworksBuildPhase section */
		600BDBA422CF0CE8008D80E7 /* Frameworks */ = {
			isa = PBXFrameworksBuildPhase;
			buildActionMask = 2147483647;
			files = (
			);
			runOnlyForDeploymentPostprocessing = 0;
		};
/* End PBXFrameworksBuildPhase section */

/* Begin PBXGroup section */
		600BDB9E22CF0CE8008D80E7 = {
			isa = PBXGroup;
			children = (
				600BDBA922CF0CE8008D80E7 /* HTSSimpleProfile */,
				600BDBA822CF0CE8008D80E7 /* Products */,
			);
			sourceTree = "<group>";
		};
		600BDBA822CF0CE8008D80E7 /* Products */ = {
			isa = PBXGroup;
			children = (
				600BDBA722CF0CE8008D80E7 /* Homework.app */,
			);
			name = Products;
			sourceTree = "<group>";
		};
		600BDBA922CF0CE8008D80E7 /* HTSSimpleProfile */ = {
			isa = PBXGroup;
			children = (
				600BDBC322CF0D18008D80E7 /* ViewModel */,
				600BDBC222CF0D0F008D80E7 /* ViewController */,
				600BDBC122CF0CFB008D80E7 /* View */,
				600BDBC022CF0CF6008D80E7 /* Model */,
				600BDBAA22CF0CE8008D80E7 /* AppDelegate.h */,
				600BDBAB22CF0CE8008D80E7 /* AppDelegate.m */,
				600BDBB322CF0CEA008D80E7 /* Assets.xcassets */,
				600BDBB522CF0CEA008D80E7 /* LaunchScreen.storyboard */,
				600BDBB822CF0CEA008D80E7 /* Info.plist */,
				600BDBB922CF0CEA008D80E7 /* main.m */,
			);
			path = HTSSimpleProfile;
			sourceTree = "<group>";
		};
		600BDBC022CF0CF6008D80E7 /* Model */ = {
			isa = PBXGroup;
			children = (
			);
			path = Model;
			sourceTree = "<group>";
		};
		600BDBC122CF0CFB008D80E7 /* View */ = {
			isa = PBXGroup;
			children = (
				600BDBAD22CF0CE8008D80E7 /* ViewController.h */,
				600BDBAE22CF0CE8008D80E7 /* ViewController.m */,
				600BDBB022CF0CE8008D80E7 /* Main.storyboard */,
			);
			path = View;
			sourceTree = "<group>";
		};
		600BDBC222CF0D0F008D80E7 /* ViewController */ = {
			isa = PBXGroup;
			children = (
				600BDBC822CF0D8C008D80E7 /* HTSProfileViewController.h */,
				600BDBC622CF0D74008D80E7 /* HTSProfileViewController.m */,
			);
			path = ViewController;
			sourceTree = "<group>";
		};
		600BDBC322CF0D18008D80E7 /* ViewModel */ = {
			isa = PBXGroup;
			children = (
				600BDBC922CF0DA3008D80E7 /* HTSProfileViewModel.h */,
				600BDBC422CF0D35008D80E7 /* HTSProfileViewModel.m */,
			);
			path = ViewModel;
			sourceTree = "<group>";
		};
/* End PBXGroup section */

/* Begin PBXNativeTarget section */
		600BDBA622CF0CE8008D80E7 /* Homework */ = {
			isa = PBXNativeTarget;
			buildConfigurationList = 600BDBBD22CF0CEA008D80E7 /* Build configuration list for PBXNativeTarget "Homework" */;
			buildPhases = (
				600BDBA322CF0CE8008D80E7 /* Sources */,
				600BDBA422CF0CE8008D80E7 /* Frameworks */,
				600BDBA522CF0CE8008D80E7 /* Resources */,
			);
			buildRules = (
			);
			dependencies = (
			);
			name = Homework;
			productName = Homework;
			productReference = 600BDBA722CF0CE8008D80E7 /* Homework.app */;
			productType = "com.apple.product-type.application";
		};
/* End PBXNativeTarget section */

/* Begin PBXProject section */
		600BDB9F22CF0CE8008D80E7 /* Project object */ = {
			isa = PBXProject;
			attributes = {
				LastUpgradeCheck = 1020;
				ORGANIZATIONNAME = fan;
				TargetAttributes = {
					600BDBA622CF0CE8008D80E7 = {
						CreatedOnToolsVersion = 10.2.1;
					};
				};
			};
			buildConfigurationList = 600BDBA222CF0CE8008D80E7 /* Build configuration list for PBXProject "Homework" */;
			compatibilityVersion = "Xcode 9.3";
			developmentRegion = en;
			hasScannedForEncodings = 0;
			knownRegions = (
				en,
				Base,
			);
			mainGroup = 600BDB9E22CF0CE8008D80E7;
			productRefGroup = 600BDBA822CF0CE8008D80E7 /* Products */;
			projectDirPath = "";
			projectRoot = "";
			targets = (
				600BDBA622CF0CE8008D80E7 /* Homework */,
			);
		};
/* End PBXProject section */

/* Begin PBXResourcesBuildPhase section */
		600BDBA522CF0CE8008D80E7 /* Resources */ = {
			isa = PBXResourcesBuildPhase;
			buildActionMask = 2147483647;
			files = (
				600BDBB722CF0CEA008D80E7 /* LaunchScreen.storyboard in Resources */,
				600BDBB422CF0CEA008D80E7 /* Assets.xcassets in Resources */,
				600BDBB222CF0CE8008D80E7 /* Main.storyboard in Resources */,
			);
			runOnlyForDeploymentPostprocessing = 0;
		};
/* End PBXResourcesBuildPhase section */

/* Begin PBXSourcesBuildPhase section */
		600BDBA322CF0CE8008D80E7 /* Sources */ = {
			isa = PBXSourcesBuildPhase;
			buildActionMask = 2147483647;
			files = (
				600BDBC722CF0D74008D80E7 /* HTSProfileViewController.m in Sources */,
				600BDBC522CF0D35008D80E7 /* HTSProfileViewModel.m in Sources */,
				600BDBAF22CF0CE8008D80E7 /* ViewController.m in Sources */,
				600BDBBA22CF0CEA008D80E7 /* main.m in Sources */,
				600BDBAC22CF0CE8008D80E7 /* AppDelegate.m in Sources */,
			);
			runOnlyForDeploymentPostprocessing = 0;
		};
/* End PBXSourcesBuildPhase section */

/* Begin PBXVariantGroup section */
		600BDBB022CF0CE8008D80E7 /* Main.storyboard */ = {
			isa = PBXVariantGroup;
			children = (
				600BDBB122CF0CE8008D80E7 /* Base */,
			);
			name = Main.storyboard;
			sourceTree = "<group>";
		};
		600BDBB522CF0CEA008D80E7 /* LaunchScreen.storyboard */ = {
			isa = PBXVariantGroup;
			children = (
				600BDBB622CF0CEA008D80E7 /* Base */,
			);
			name = LaunchScreen.storyboard;
			sourceTree = "<group>";
		};
/* End PBXVariantGroup section */

/* Begin XCBuildConfiguration section */
		600BDBBB22CF0CEA008D80E7 /* Debug */ = {
			isa = XCBuildConfiguration;
			buildSettings = {
				ALWAYS_SEARCH_USER_PATHS = NO;
				CLANG_ANALYZER_NONNULL = YES;
				CLANG_ANALYZER_NUMBER_OBJECT_CONVERSION = YES_AGGRESSIVE;
				CLANG_CXX_LANGUAGE_STANDARD = "gnu++14";
				CLANG_CXX_LIBRARY = "libc++";
				CLANG_ENABLE_MODULES = YES;
				CLANG_ENABLE_OBJC_ARC = YES;
				CLANG_ENABLE_OBJC_WEAK = YES;
				CLANG_WARN_BLOCK_CAPTURE_AUTORELEASING = YES;
				CLANG_WARN_BOOL_CONVERSION = YES;
				CLANG_WARN_COMMA = YES;
				CLANG_WARN_CONSTANT_CONVERSION = YES;
				CLANG_WARN_DEPRECATED_OBJC_IMPLEMENTATIONS = YES;
				CLANG_WARN_DIRECT_OBJC_ISA_USAGE = YES_ERROR;
				CLANG_WARN_DOCUMENTATION_COMMENTS = YES;
				CLANG_WARN_EMPTY_BODY = YES;
				CLANG_WARN_ENUM_CONVERSION = YES;
				CLANG_WARN_INFINITE_RECURSION = YES;
				CLANG_WARN_INT_CONVERSION = YES;
				CLANG_WARN_NON_LITERAL_NULL_CONVERSION = YES;
				CLANG_WARN_OBJC_IMPLICIT_RETAIN_SELF = YES;
				CLANG_WARN_OBJC_LITERAL_CONVERSION = YES;
				CLANG_WARN_OBJC_ROOT_CLASS = YES_ERROR;
				CLANG_WARN_RANGE_LOOP_ANALYSIS = YES;
				CLANG_WARN_STRICT_PROTOTYPES = YES;
				CLANG_WARN_SUSPICIOUS_MOVE = YES;
				CLANG_WARN_UNGUARDED_AVAILABILITY = YES_AGGRESSIVE;
				CLANG_WARN_UNREACHABLE_CODE = YES;
				CLANG_WARN__DUPLICATE_METHOD_MATCH = YES;
				CODE_SIGN_IDENTITY = "iPhone Developer";
				COPY_PHASE_STRIP = NO;
				DEBUG_INFORMATION_FORMAT = dwarf;
				ENABLE_STRICT_OBJC_MSGSEND = YES;
				ENABLE_TESTABILITY = YES;
				GCC_C_LANGUAGE_STANDARD = gnu11;
				GCC_DYNAMIC_NO_PIC = NO;
				GCC_NO_COMMON_BLOCKS = YES;
				GCC_OPTIMIZATION_LEVEL = 0;
				GCC_PREPROCESSOR_DEFINITIONS = (
					"DEBUG=1",
					"$(inherited)",
				);
				GCC_WARN_64_TO_32_BIT_CONVERSION = YES;
				GCC_WARN_ABOUT_RETURN_TYPE = YES_ERROR;
				GCC_WARN_UNDECLARED_SELECTOR = YES;
				GCC_WARN_UNINITIALIZED_AUTOS = YES_AGGRESSIVE;
				GCC_WARN_UNUSED_FUNCTION = YES;
				GCC_WARN_UNUSED_VARIABLE = YES;
				IPHONEOS_DEPLOYMENT_TARGET = 12.2;
				MTL_ENABLE_DEBUG_INFO = INCLUDE_SOURCE;
				MTL_FAST_MATH = YES;
				ONLY_ACTIVE_ARCH = YES;
				SDKROOT = iphoneos;
			};
			name = Debug;
		};
		600BDBBC22CF0CEA008D80E7 /* Release */ = {
			isa = XCBuildConfiguration;
			buildSettings = {
				ALWAYS_SEARCH_USER_PATHS = NO;
				CLANG_ANALYZER_NONNULL = YES;
				CLANG_ANALYZER_NUMBER_OBJECT_CONVERSION = YES_AGGRESSIVE;
				CLANG_CXX_LANGUAGE_STANDARD = "gnu++14";
				CLANG_CXX_LIBRARY = "libc++";
				CLANG_ENABLE_MODULES = YES;
				CLANG_ENABLE_OBJC_ARC = YES;
				CLANG_ENABLE_OBJC_WEAK = YES;
				CLANG_WARN_BLOCK_CAPTURE_AUTORELEASING = YES;
				CLANG_WARN_BOOL_CONVERSION = YES;
				CLANG_WARN_COMMA = YES;
				CLANG_WARN_CONSTANT_CONVERSION = YES;
				CLANG_WARN_DEPRECATED_OBJC_IMPLEMENTATIONS = YES;
				CLANG_WARN_DIRECT_OBJC_ISA_USAGE = YES_ERROR;
				CLANG_WARN_DOCUMENTATION_COMMENTS = YES;
				CLANG_WARN_EMPTY_BODY = YES;
				CLANG_WARN_ENUM_CONVERSION = YES;
				CLANG_WARN_INFINITE_RECURSION = YES;
				CLANG_WARN_INT_CONVERSION = YES;
				CLANG_WARN_NON_LITERAL_NULL_CONVERSION = YES;
				CLANG_WARN_OBJC_IMPLICIT_RETAIN_SELF = YES;
				CLANG_WARN_OBJC_LITERAL_CONVERSION = YES;
				CLANG_WARN_OBJC_ROOT_CLASS = YES_ERROR;
				CLANG_WARN_RANGE_LOOP_ANALYSIS = YES;
				CLANG_WARN_STRICT_PROTOTYPES = YES;
				CLANG_WARN_SUSPICIOUS_MOVE = YES;
				CLANG_WARN_UNGUARDED_AVAILABILITY = YES_AGGRESSIVE;
				CLANG_WARN_UNREACHABLE_CODE = YES;
				CLANG_WARN__DUPLICATE_METHOD_MATCH = YES;
				CODE_SIGN_IDENTITY = "iPhone Developer";
				COPY_PHASE_STRIP = NO;
				DEBUG_INFORMATION_FORMAT = "dwarf-with-dsym";
				ENABLE_NS_ASSERTIONS = NO;
				ENABLE_STRICT_OBJC_MSGSEND = YES;
				GCC_C_LANGUAGE_STANDARD = gnu11;
				GCC_NO_COMMON_BLOCKS = YES;
				GCC_WARN_64_TO_32_BIT_CONVERSION = YES;
				GCC_WARN_ABOUT_RETURN_TYPE = YES_ERROR;
				GCC_WARN_UNDECLARED_SELECTOR = YES;
				GCC_WARN_UNINITIALIZED_AUTOS = YES_AGGRESSIVE;
				GCC_WARN_UNUSED_FUNCTION = YES;
				GCC_WARN_UNUSED_VARIABLE = YES;
				IPHONEOS_DEPLOYMENT_TARGET = 12.2;
				MTL_ENABLE_DEBUG_INFO = NO;
				MTL_FAST_MATH = YES;
				SDKROOT = iphoneos;
				VALIDATE_PRODUCT = YES;
			};
			name = Release;
		};
		600BDBBE22CF0CEA008D80E7 /* Debug */ = {
			isa = XCBuildConfiguration;
			buildSettings = {
				ASSETCATALOG_COMPILER_APPICON_NAME = AppIcon;
				CODE_SIGN_STYLE = Automatic;
				DEVELOPMENT_TEAM = 9NUX4WT88T;
				INFOPLIST_FILE = Homework/Info.plist;
				LD_RUNPATH_SEARCH_PATHS = (
					"$(inherited)",
					"@executable_path/Frameworks",
				);
				PRODUCT_BUNDLE_IDENTIFIER = bytedance.Homework;
				PRODUCT_NAME = "$(TARGET_NAME)";
				TARGETED_DEVICE_FAMILY = "1,2";
			};
			name = Debug;
		};
		600BDBBF22CF0CEA008D80E7 /* Release */ = {
			isa = XCBuildConfiguration;
			buildSettings = {
				ASSETCATALOG_COMPILER_APPICON_NAME = AppIcon;
				CODE_SIGN_STYLE = Automatic;
				DEVELOPMENT_TEAM = 9NUX4WT88T;
				INFOPLIST_FILE = Homework/Info.plist;
				LD_RUNPATH_SEARCH_PATHS = (
					"$(inherited)",
					"@executable_path/Frameworks",
				);
				PRODUCT_BUNDLE_IDENTIFIER = bytedance.Homework;
				PRODUCT_NAME = "$(TARGET_NAME)";
				TARGETED_DEVICE_FAMILY = "1,2";
			};
			name = Release;
		};
/* End XCBuildConfiguration section */

/* Begin XCConfigurationList section */
		600BDBA222CF0CE8008D80E7 /* Build configuration list for PBXProject "Homework" */ = {
			isa = XCConfigurationList;
			buildConfigurations = (
				600BDBBB22CF0CEA008D80E7 /* Debug */,
				600BDBBC22CF0CEA008D80E7 /* Release */,
			);
			defaultConfigurationIsVisible = 0;
			defaultConfigurationName = Release;
		};
		600BDBBD22CF0CEA008D80E7 /* Build configuration list for PBXNativeTarget "Homework" */ = {
			isa = XCConfigurationList;
			buildConfigurations = (
				600BDBBE22CF0CEA008D80E7 /* Debug */,
				600BDBBF22CF0CEA008D80E7 /* Release */,
			);
			defaultConfigurationIsVisible = 0;
			defaultConfigurationName = Release;
		};
/* End XCConfigurationList section */
	};
	rootObject = 600BDB9F22CF0CE8008D80E7 /* Project object */;
}
